
Microsoft Visual Studio Solution File, Format Version 11.00
# Visual Studio 2010
Project("{FAE04EC0-301F-11D3-BF4B-00C04F79EFBC}") = "Rincevent", "Core\Rincevent\Rincevent.csproj", "{B02562EA-7450-491B-BA3A-8B7F9D3C4FC2}"
EndProject
Global
	GlobalSection(TeamFoundationVersionControl) = preSolution
		SccNumberOfProjects = 2
		SccEnterpriseProvider = {4CA58AB2-18FA-4F8D-95D4-32DDF27D184C}
		SccTeamFoundationServer = https://tfs.codeplex.com/tfs/tfs10
		SccLocalPath0 = .
		SccProjectUniqueName1 = Core\\Rincevent\\Rincevent.csproj
		SccProjectName1 = Core/Rincevent
		SccLocalPath1 = Core\\Rincevent
	EndGlobalSection
	GlobalSection(SolutionConfigurationPlatforms) = preSolution
		Debug|Any CPU = Debug|Any CPU
		Release|Any CPU = Release|Any CPU
	EndGlobalSection
	GlobalSection(ProjectConfigurationPlatforms) = postSolution
		{B02562EA-7450-491B-BA3A-8B7F9D3C4FC2}.Debug|Any CPU.ActiveCfg = Debug|Any CPU
		{B02562EA-7450-491B-BA3A-8B7F9D3C4FC2}.Debug|Any CPU.Build.0 = Debug|Any CPU
		{B02562EA-7450-491B-BA3A-8B7F9D3C4FC2}.Release|Any CPU.ActiveCfg = Release|Any CPU
		{B02562EA-7450-491B-BA3A-8B7F9D3C4FC2}.Release|Any CPU.Build.0 = Release|Any CPU
	EndGlobalSection
	GlobalSection(SolutionProperties) = preSolution
		HideSolutionNode = FALSE
	EndGlobalSection
EndGlobal
